// !$*UTF8*$!
{
	archiveVersion = 1;
	classes = {
	};
	objectVersion = 56;
	objects = {

/* Begin PBXBuildFile section */
		045A25AA2A6FE61E003EC46F /* LeaguesViewModelTests.swift in Sources */ = {isa = PBXBuildFile; fileRef = 045A25A92A6FE61E003EC46F /* LeaguesViewModelTests.swift */; };
		045A25AC2A6FE63E003EC46F /* LeaguesViewModelDelegateMock.swift in Sources */ = {isa = PBXBuildFile; fileRef = 045A25AB2A6FE63E003EC46F /* LeaguesViewModelDelegateMock.swift */; };
		045A25AE2A6FEC05003EC46F /* LeagueDetailsViewModelTests.swift in Sources */ = {isa = PBXBuildFile; fileRef = 045A25AD2A6FEC05003EC46F /* LeagueDetailsViewModelTests.swift */; };
		045A25B02A6FEC12003EC46F /* LeagueDetailsViewModelDelegateMock.swift in Sources */ = {isa = PBXBuildFile; fileRef = 045A25AF2A6FEC12003EC46F /* LeagueDetailsViewModelDelegateMock.swift */; };
		045A25B22A6FED70003EC46F /* MockNetworkManager.swift in Sources */ = {isa = PBXBuildFile; fileRef = 045A25B12A6FED70003EC46F /* MockNetworkManager.swift */; };
		04BA84BB2A6E71C000FEFE36 /* AppDelegate.swift in Sources */ = {isa = PBXBuildFile; fileRef = 04BA84BA2A6E71C000FEFE36 /* AppDelegate.swift */; };
		04BA84C42A6E71C200FEFE36 /* Assets.xcassets in Resources */ = {isa = PBXBuildFile; fileRef = 04BA84C32A6E71C200FEFE36 /* Assets.xcassets */; };
		04BA84C72A6E71C200FEFE36 /* LaunchScreen.storyboard in Resources */ = {isa = PBXBuildFile; fileRef = 04BA84C52A6E71C200FEFE36 /* LaunchScreen.storyboard */; };
		04BA84EE2A6E88C400FEFE36 /* Constants.swift in Sources */ = {isa = PBXBuildFile; fileRef = 04BA84ED2A6E88C400FEFE36 /* Constants.swift */; };
		04BA84F12A6E945A00FEFE36 /* Alamofire in Frameworks */ = {isa = PBXBuildFile; productRef = 04BA84F02A6E945A00FEFE36 /* Alamofire */; };
		04BA84F42A6E946900FEFE36 /* Kingfisher in Frameworks */ = {isa = PBXBuildFile; productRef = 04BA84F32A6E946900FEFE36 /* Kingfisher */; };
		04BA84F62A6E949B00FEFE36 /* SearchViewController.swift in Sources */ = {isa = PBXBuildFile; fileRef = 04BA84F52A6E949B00FEFE36 /* SearchViewController.swift */; };
		04BA84F82A6E94A900FEFE36 /* SearchView.storyboard in Resources */ = {isa = PBXBuildFile; fileRef = 04BA84F72A6E94A900FEFE36 /* SearchView.storyboard */; };
		04BA84FE2A6E95BC00FEFE36 /* LeaguesViewModel.swift in Sources */ = {isa = PBXBuildFile; fileRef = 04BA84FD2A6E95BC00FEFE36 /* LeaguesViewModel.swift */; };
		04BA85022A6E9A3500FEFE36 /* NetworkManager.swift in Sources */ = {isa = PBXBuildFile; fileRef = 04BA85012A6E9A3500FEFE36 /* NetworkManager.swift */; };
		04BA85092A6E9E3800FEFE36 /* Leagues.swift in Sources */ = {isa = PBXBuildFile; fileRef = 04BA85082A6E9E3800FEFE36 /* Leagues.swift */; };
		04BA85142A6ED11C00FEFE36 /* LeagueCustomCell.swift in Sources */ = {isa = PBXBuildFile; fileRef = 04BA85122A6ED11C00FEFE36 /* LeagueCustomCell.swift */; };
		04BA85152A6ED11C00FEFE36 /* LeagueCustomCell.xib in Resources */ = {isa = PBXBuildFile; fileRef = 04BA85132A6ED11C00FEFE36 /* LeagueCustomCell.xib */; };
		04BA85182A6ED7C400FEFE36 /* LeaguesViewController.swift in Sources */ = {isa = PBXBuildFile; fileRef = 04BA85162A6ED7C400FEFE36 /* LeaguesViewController.swift */; };
		04BA85192A6ED7C400FEFE36 /* LeaguesViewController.xib in Resources */ = {isa = PBXBuildFile; fileRef = 04BA85172A6ED7C400FEFE36 /* LeaguesViewController.xib */; };
		04BA85572A6EE39000FEFE36 /* SceneDelegate.swift in Sources */ = {isa = PBXBuildFile; fileRef = 04BA85562A6EE39000FEFE36 /* SceneDelegate.swift */; };
		04CE30132A6EFF7900FE8306 /* LeagueDetailsViewController.swift in Sources */ = {isa = PBXBuildFile; fileRef = 04CE30112A6EFF7900FE8306 /* LeagueDetailsViewController.swift */; };
		04CE30142A6EFF7900FE8306 /* LeagueDetailsViewController.xib in Resources */ = {isa = PBXBuildFile; fileRef = 04CE30122A6EFF7900FE8306 /* LeagueDetailsViewController.xib */; };
		04CE30162A6F000900FE8306 /* LeagueDetailsViewModel.swift in Sources */ = {isa = PBXBuildFile; fileRef = 04CE30152A6F000900FE8306 /* LeagueDetailsViewModel.swift */; };
		04CE30182A6F062200FE8306 /* Teams.swift in Sources */ = {isa = PBXBuildFile; fileRef = 04CE30172A6F062200FE8306 /* Teams.swift */; };
		04CE301B2A6F0D0D00FE8306 /* TeamCollectionViewCell.swift in Sources */ = {isa = PBXBuildFile; fileRef = 04CE30192A6F0D0D00FE8306 /* TeamCollectionViewCell.swift */; };
		04CE301C2A6F0D0D00FE8306 /* TeamCollectionViewCell.xib in Resources */ = {isa = PBXBuildFile; fileRef = 04CE301A2A6F0D0D00FE8306 /* TeamCollectionViewCell.xib */; };
		04CE30202A6FDF5D00FE8306 /* NetworkManagerTests.swift in Sources */ = {isa = PBXBuildFile; fileRef = 04CE301F2A6FDF5D00FE8306 /* NetworkManagerTests.swift */; };
/* End PBXBuildFile section */

/* Begin PBXContainerItemProxy section */
		04BA84CE2A6E71C200FEFE36 /* PBXContainerItemProxy */ = {
			isa = PBXContainerItemProxy;
			containerPortal = 04BA84AF2A6E71C000FEFE36 /* Project object */;
			proxyType = 1;
			remoteGlobalIDString = 04BA84B62A6E71C000FEFE36;
			remoteInfo = ParisSportifsProject;
		};
/* End PBXContainerItemProxy section */

/* Begin PBXFileReference section */
		045A25A92A6FE61E003EC46F /* LeaguesViewModelTests.swift */ = {isa = PBXFileReference; lastKnownFileType = sourcecode.swift; path = LeaguesViewModelTests.swift; sourceTree = "<group>"; };
		045A25AB2A6FE63E003EC46F /* LeaguesViewModelDelegateMock.swift */ = {isa = PBXFileReference; lastKnownFileType = sourcecode.swift; path = LeaguesViewModelDelegateMock.swift; sourceTree = "<group>"; };
		045A25AD2A6FEC05003EC46F /* LeagueDetailsViewModelTests.swift */ = {isa = PBXFileReference; lastKnownFileType = sourcecode.swift; path = LeagueDetailsViewModelTests.swift; sourceTree = "<group>"; };
		045A25AF2A6FEC12003EC46F /* LeagueDetailsViewModelDelegateMock.swift */ = {isa = PBXFileReference; lastKnownFileType = sourcecode.swift; path = LeagueDetailsViewModelDelegateMock.swift; sourceTree = "<group>"; };
		045A25B12A6FED70003EC46F /* MockNetworkManager.swift */ = {isa = PBXFileReference; lastKnownFileType = sourcecode.swift; path = MockNetworkManager.swift; sourceTree = "<group>"; };
		04BA84B72A6E71C000FEFE36 /* ParisSportifsProject.app */ = {isa = PBXFileReference; explicitFileType = wrapper.application; includeInIndex = 0; path = ParisSportifsProject.app; sourceTree = BUILT_PRODUCTS_DIR; };
		04BA84BA2A6E71C000FEFE36 /* AppDelegate.swift */ = {isa = PBXFileReference; lastKnownFileType = sourcecode.swift; path = AppDelegate.swift; sourceTree = "<group>"; };
		04BA84C32A6E71C200FEFE36 /* Assets.xcassets */ = {isa = PBXFileReference; lastKnownFileType = folder.assetcatalog; path = Assets.xcassets; sourceTree = "<group>"; };
		04BA84C62A6E71C200FEFE36 /* Base */ = {isa = PBXFileReference; lastKnownFileType = file.storyboard; name = Base; path = Base.lproj/LaunchScreen.storyboard; sourceTree = "<group>"; };
		04BA84C82A6E71C200FEFE36 /* Info.plist */ = {isa = PBXFileReference; lastKnownFileType = text.plist.xml; path = Info.plist; sourceTree = "<group>"; };
		04BA84CD2A6E71C200FEFE36 /* ParisSportifsProjectTests.xctest */ = {isa = PBXFileReference; explicitFileType = wrapper.cfbundle; includeInIndex = 0; path = ParisSportifsProjectTests.xctest; sourceTree = BUILT_PRODUCTS_DIR; };
		04BA84ED2A6E88C400FEFE36 /* Constants.swift */ = {isa = PBXFileReference; lastKnownFileType = sourcecode.swift; path = Constants.swift; sourceTree = "<group>"; };
		04BA84F52A6E949B00FEFE36 /* SearchViewController.swift */ = {isa = PBXFileReference; lastKnownFileType = sourcecode.swift; path = SearchViewController.swift; sourceTree = "<group>"; };
		04BA84F72A6E94A900FEFE36 /* SearchView.storyboard */ = {isa = PBXFileReference; lastKnownFileType = file.storyboard; path = SearchView.storyboard; sourceTree = "<group>"; };
		04BA84FD2A6E95BC00FEFE36 /* LeaguesViewModel.swift */ = {isa = PBXFileReference; lastKnownFileType = sourcecode.swift; path = LeaguesViewModel.swift; sourceTree = "<group>"; };
		04BA85012A6E9A3500FEFE36 /* NetworkManager.swift */ = {isa = PBXFileReference; lastKnownFileType = sourcecode.swift; path = NetworkManager.swift; sourceTree = "<group>"; };
		04BA85082A6E9E3800FEFE36 /* Leagues.swift */ = {isa = PBXFileReference; lastKnownFileType = sourcecode.swift; path = Leagues.swift; sourceTree = "<group>"; };
		04BA85122A6ED11C00FEFE36 /* LeagueCustomCell.swift */ = {isa = PBXFileReference; lastKnownFileType = sourcecode.swift; path = LeagueCustomCell.swift; sourceTree = "<group>"; };
		04BA85132A6ED11C00FEFE36 /* LeagueCustomCell.xib */ = {isa = PBXFileReference; lastKnownFileType = file.xib; path = LeagueCustomCell.xib; sourceTree = "<group>"; };
		04BA85162A6ED7C400FEFE36 /* LeaguesViewController.swift */ = {isa = PBXFileReference; lastKnownFileType = sourcecode.swift; path = LeaguesViewController.swift; sourceTree = "<group>"; };
		04BA85172A6ED7C400FEFE36 /* LeaguesViewController.xib */ = {isa = PBXFileReference; lastKnownFileType = file.xib; path = LeaguesViewController.xib; sourceTree = "<group>"; };
		04BA85562A6EE39000FEFE36 /* SceneDelegate.swift */ = {isa = PBXFileReference; fileEncoding = 4; lastKnownFileType = sourcecode.swift; path = SceneDelegate.swift; sourceTree = "<group>"; };
		04CE30112A6EFF7900FE8306 /* LeagueDetailsViewController.swift */ = {isa = PBXFileReference; lastKnownFileType = sourcecode.swift; path = LeagueDetailsViewController.swift; sourceTree = "<group>"; };
		04CE30122A6EFF7900FE8306 /* LeagueDetailsViewController.xib */ = {isa = PBXFileReference; lastKnownFileType = file.xib; path = LeagueDetailsViewController.xib; sourceTree = "<group>"; };
		04CE30152A6F000900FE8306 /* LeagueDetailsViewModel.swift */ = {isa = PBXFileReference; lastKnownFileType = sourcecode.swift; path = LeagueDetailsViewModel.swift; sourceTree = "<group>"; };
		04CE30172A6F062200FE8306 /* Teams.swift */ = {isa = PBXFileReference; lastKnownFileType = sourcecode.swift; path = Teams.swift; sourceTree = "<group>"; };
		04CE30192A6F0D0D00FE8306 /* TeamCollectionViewCell.swift */ = {isa = PBXFileReference; lastKnownFileType = sourcecode.swift; path = TeamCollectionViewCell.swift; sourceTree = "<group>"; };
		04CE301A2A6F0D0D00FE8306 /* TeamCollectionViewCell.xib */ = {isa = PBXFileReference; lastKnownFileType = file.xib; path = TeamCollectionViewCell.xib; sourceTree = "<group>"; };
		04CE301F2A6FDF5D00FE8306 /* NetworkManagerTests.swift */ = {isa = PBXFileReference; lastKnownFileType = sourcecode.swift; path = NetworkManagerTests.swift; sourceTree = "<group>"; };
/* End PBXFileReference section */

/* Begin PBXFrameworksBuildPhase section */
		04BA84B42A6E71C000FEFE36 /* Frameworks */ = {
			isa = PBXFrameworksBuildPhase;
			buildActionMask = 2147483647;
			files = (
				04BA84F42A6E946900FEFE36 /* Kingfisher in Frameworks */,
				04BA84F12A6E945A00FEFE36 /* Alamofire in Frameworks */,
			);
			runOnlyForDeploymentPostprocessing = 0;
		};
		04BA84CA2A6E71C200FEFE36 /* Frameworks */ = {
			isa = PBXFrameworksBuildPhase;
			buildActionMask = 2147483647;
			files = (
			);
			runOnlyForDeploymentPostprocessing = 0;
		};
/* End PBXFrameworksBuildPhase section */

/* Begin PBXGroup section */
		045A25A62A6FE57F003EC46F /* ViewControllers */ = {
			isa = PBXGroup;
			children = (
				045A25A82A6FE5EB003EC46F /* LeagueDetails */,
				045A25A72A6FE5E0003EC46F /* LeaguesList */,
			);
			path = ViewControllers;
			sourceTree = "<group>";
		};
		045A25A72A6FE5E0003EC46F /* LeaguesList */ = {
			isa = PBXGroup;
			children = (
				045A25A92A6FE61E003EC46F /* LeaguesViewModelTests.swift */,
				045A25AB2A6FE63E003EC46F /* LeaguesViewModelDelegateMock.swift */,
			);
			path = LeaguesList;
			sourceTree = "<group>";
		};
		045A25A82A6FE5EB003EC46F /* LeagueDetails */ = {
			isa = PBXGroup;
			children = (
				045A25AD2A6FEC05003EC46F /* LeagueDetailsViewModelTests.swift */,
				045A25AF2A6FEC12003EC46F /* LeagueDetailsViewModelDelegateMock.swift */,
			);
			path = LeagueDetails;
			sourceTree = "<group>";
		};
		04BA84AE2A6E71C000FEFE36 = {
			isa = PBXGroup;
			children = (
				04BA84B92A6E71C000FEFE36 /* ParisSportifsProject */,
				04BA84D02A6E71C200FEFE36 /* ParisSportifsProjectTests */,
				04BA84B82A6E71C000FEFE36 /* Products */,
			);
			sourceTree = "<group>";
		};
		04BA84B82A6E71C000FEFE36 /* Products */ = {
			isa = PBXGroup;
			children = (
				04BA84B72A6E71C000FEFE36 /* ParisSportifsProject.app */,
				04BA84CD2A6E71C200FEFE36 /* ParisSportifsProjectTests.xctest */,
			);
			name = Products;
			sourceTree = "<group>";
		};
		04BA84B92A6E71C000FEFE36 /* ParisSportifsProject */ = {
			isa = PBXGroup;
			children = (
				04BA85562A6EE39000FEFE36 /* SceneDelegate.swift */,
				04BA84BA2A6E71C000FEFE36 /* AppDelegate.swift */,
				04BA85032A6E9A4C00FEFE36 /* Constans */,
				04BA85002A6E9A2800FEFE36 /* Shared */,
				04BA84EA2A6E773B00FEFE36 /* ViewControllers */,
				04BA85072A6E9DAC00FEFE36 /* Model */,
				04BA84C32A6E71C200FEFE36 /* Assets.xcassets */,
				04BA84C52A6E71C200FEFE36 /* LaunchScreen.storyboard */,
				04BA84C82A6E71C200FEFE36 /* Info.plist */,
			);
			path = ParisSportifsProject;
			sourceTree = "<group>";
		};
		04BA84D02A6E71C200FEFE36 /* ParisSportifsProjectTests */ = {
			isa = PBXGroup;
			children = (
				04CE301E2A6FDF3D00FE8306 /* Shared */,
				045A25A62A6FE57F003EC46F /* ViewControllers */,
				045A25B12A6FED70003EC46F /* MockNetworkManager.swift */,
			);
			path = ParisSportifsProjectTests;
			sourceTree = "<group>";
		};
		04BA84EA2A6E773B00FEFE36 /* ViewControllers */ = {
			isa = PBXGroup;
			children = (
				04BA84EB2A6E774E00FEFE36 /* Search */,
				04BA84EC2A6E775300FEFE36 /* LeaguesList */,
				04CE30102A6EFF5700FE8306 /* LeagueDetails */,
			);
			path = ViewControllers;
			sourceTree = "<group>";
		};
		04BA84EB2A6E774E00FEFE36 /* Search */ = {
			isa = PBXGroup;
			children = (
				04BA84F52A6E949B00FEFE36 /* SearchViewController.swift */,
				04BA84F72A6E94A900FEFE36 /* SearchView.storyboard */,
			);
			path = Search;
			sourceTree = "<group>";
		};
		04BA84EC2A6E775300FEFE36 /* LeaguesList */ = {
			isa = PBXGroup;
			children = (
				04CE300F2A6EFEE000FE8306 /* LeagueCell */,
				04BA84FD2A6E95BC00FEFE36 /* LeaguesViewModel.swift */,
				04BA85162A6ED7C400FEFE36 /* LeaguesViewController.swift */,
				04BA85172A6ED7C400FEFE36 /* LeaguesViewController.xib */,
			);
			path = LeaguesList;
			sourceTree = "<group>";
		};
		04BA85002A6E9A2800FEFE36 /* Shared */ = {
			isa = PBXGroup;
			children = (
				04BA85012A6E9A3500FEFE36 /* NetworkManager.swift */,
			);
			path = Shared;
			sourceTree = "<group>";
		};
		04BA85032A6E9A4C00FEFE36 /* Constans */ = {
			isa = PBXGroup;
			children = (
				04BA84ED2A6E88C400FEFE36 /* Constants.swift */,
			);
			path = Constans;
			sourceTree = "<group>";
		};
		04BA85072A6E9DAC00FEFE36 /* Model */ = {
			isa = PBXGroup;
			children = (
				04BA85082A6E9E3800FEFE36 /* Leagues.swift */,
				04CE30172A6F062200FE8306 /* Teams.swift */,
			);
			path = Model;
			sourceTree = "<group>";
		};
		04CE300F2A6EFEE000FE8306 /* LeagueCell */ = {
			isa = PBXGroup;
			children = (
				04BA85122A6ED11C00FEFE36 /* LeagueCustomCell.swift */,
				04BA85132A6ED11C00FEFE36 /* LeagueCustomCell.xib */,
			);
			path = LeagueCell;
			sourceTree = "<group>";
		};
		04CE30102A6EFF5700FE8306 /* LeagueDetails */ = {
			isa = PBXGroup;
			children = (
				04CE30112A6EFF7900FE8306 /* LeagueDetailsViewController.swift */,
				04CE30122A6EFF7900FE8306 /* LeagueDetailsViewController.xib */,
				04CE30152A6F000900FE8306 /* LeagueDetailsViewModel.swift */,
				04CE301D2A6F0D1100FE8306 /* TeamCell */,
			);
			path = LeagueDetails;
			sourceTree = "<group>";
		};
		04CE301D2A6F0D1100FE8306 /* TeamCell */ = {
			isa = PBXGroup;
			children = (
				04CE30192A6F0D0D00FE8306 /* TeamCollectionViewCell.swift */,
				04CE301A2A6F0D0D00FE8306 /* TeamCollectionViewCell.xib */,
			);
			path = TeamCell;
			sourceTree = "<group>";
		};
		04CE301E2A6FDF3D00FE8306 /* Shared */ = {
			isa = PBXGroup;
			children = (
				04CE301F2A6FDF5D00FE8306 /* NetworkManagerTests.swift */,
			);
			path = Shared;
			sourceTree = "<group>";
		};
/* End PBXGroup section */

/* Begin PBXNativeTarget section */
		04BA84B62A6E71C000FEFE36 /* ParisSportifsProject */ = {
			isa = PBXNativeTarget;
			buildConfigurationList = 04BA84E12A6E71C200FEFE36 /* Build configuration list for PBXNativeTarget "ParisSportifsProject" */;
			buildPhases = (
				04BA84B32A6E71C000FEFE36 /* Sources */,
				04BA84B42A6E71C000FEFE36 /* Frameworks */,
				04BA84B52A6E71C000FEFE36 /* Resources */,
			);
			buildRules = (
			);
			dependencies = (
			);
			name = ParisSportifsProject;
			packageProductDependencies = (
				04BA84F02A6E945A00FEFE36 /* Alamofire */,
				04BA84F32A6E946900FEFE36 /* Kingfisher */,
			);
			productName = ParisSportifsProject;
			productReference = 04BA84B72A6E71C000FEFE36 /* ParisSportifsProject.app */;
			productType = "com.apple.product-type.application";
		};
		04BA84CC2A6E71C200FEFE36 /* ParisSportifsProjectTests */ = {
			isa = PBXNativeTarget;
			buildConfigurationList = 04BA84E42A6E71C200FEFE36 /* Build configuration list for PBXNativeTarget "ParisSportifsProjectTests" */;
			buildPhases = (
				04BA84C92A6E71C200FEFE36 /* Sources */,
				04BA84CA2A6E71C200FEFE36 /* Frameworks */,
				04BA84CB2A6E71C200FEFE36 /* Resources */,
			);
			buildRules = (
			);
			dependencies = (
				04BA84CF2A6E71C200FEFE36 /* PBXTargetDependency */,
			);
			name = ParisSportifsProjectTests;
			productName = ParisSportifsProjectTests;
			productReference = 04BA84CD2A6E71C200FEFE36 /* ParisSportifsProjectTests.xctest */;
			productType = "com.apple.product-type.bundle.unit-test";
		};
/* End PBXNativeTarget section */

/* Begin PBXProject section */
		04BA84AF2A6E71C000FEFE36 /* Project object */ = {
			isa = PBXProject;
			attributes = {
				BuildIndependentTargetsInParallel = 1;
				LastSwiftUpdateCheck = 1420;
				LastUpgradeCheck = 1420;
				TargetAttributes = {
					04BA84B62A6E71C000FEFE36 = {
						CreatedOnToolsVersion = 14.2;
					};
					04BA84CC2A6E71C200FEFE36 = {
						CreatedOnToolsVersion = 14.2;
						TestTargetID = 04BA84B62A6E71C000FEFE36;
					};
				};
			};
			buildConfigurationList = 04BA84B22A6E71C000FEFE36 /* Build configuration list for PBXProject "ParisSportifsProject" */;
			compatibilityVersion = "Xcode 14.0";
			developmentRegion = en;
			hasScannedForEncodings = 0;
			knownRegions = (
				en,
				Base,
			);
			mainGroup = 04BA84AE2A6E71C000FEFE36;
			packageReferences = (
				04BA84EF2A6E945A00FEFE36 /* XCRemoteSwiftPackageReference "Alamofire" */,
				04BA84F22A6E946900FEFE36 /* XCRemoteSwiftPackageReference "Kingfisher" */,
			);
			productRefGroup = 04BA84B82A6E71C000FEFE36 /* Products */;
			projectDirPath = "";
			projectRoot = "";
			targets = (
				04BA84B62A6E71C000FEFE36 /* ParisSportifsProject */,
				04BA84CC2A6E71C200FEFE36 /* ParisSportifsProjectTests */,
			);
		};
/* End PBXProject section */

/* Begin PBXResourcesBuildPhase section */
		04BA84B52A6E71C000FEFE36 /* Resources */ = {
			isa = PBXResourcesBuildPhase;
			buildActionMask = 2147483647;
			files = (
				04BA84C72A6E71C200FEFE36 /* LaunchScreen.storyboard in Resources */,
				04CE301C2A6F0D0D00FE8306 /* TeamCollectionViewCell.xib in Resources */,
				04BA84F82A6E94A900FEFE36 /* SearchView.storyboard in Resources */,
				04CE30142A6EFF7900FE8306 /* LeagueDetailsViewController.xib in Resources */,
				04BA84C42A6E71C200FEFE36 /* Assets.xcassets in Resources */,
				04BA85152A6ED11C00FEFE36 /* LeagueCustomCell.xib in Resources */,
				04BA85192A6ED7C400FEFE36 /* LeaguesViewController.xib in Resources */,
			);
			runOnlyForDeploymentPostprocessing = 0;
		};
		04BA84CB2A6E71C200FEFE36 /* Resources */ = {
			isa = PBXResourcesBuildPhase;
			buildActionMask = 2147483647;
			files = (
			);
			runOnlyForDeploymentPostprocessing = 0;
		};
/* End PBXResourcesBuildPhase section */

/* Begin PBXSourcesBuildPhase section */
		04BA84B32A6E71C000FEFE36 /* Sources */ = {
			isa = PBXSourcesBuildPhase;
			buildActionMask = 2147483647;
			files = (
				04CE30182A6F062200FE8306 /* Teams.swift in Sources */,
				04BA85022A6E9A3500FEFE36 /* NetworkManager.swift in Sources */,
				04BA84F62A6E949B00FEFE36 /* SearchViewController.swift in Sources */,
				04BA85572A6EE39000FEFE36 /* SceneDelegate.swift in Sources */,
				04CE30162A6F000900FE8306 /* LeagueDetailsViewModel.swift in Sources */,
				04BA84FE2A6E95BC00FEFE36 /* LeaguesViewModel.swift in Sources */,
				04CE301B2A6F0D0D00FE8306 /* TeamCollectionViewCell.swift in Sources */,
				04CE30132A6EFF7900FE8306 /* LeagueDetailsViewController.swift in Sources */,
				04BA85092A6E9E3800FEFE36 /* Leagues.swift in Sources */,
				04BA84BB2A6E71C000FEFE36 /* AppDelegate.swift in Sources */,
				04BA84EE2A6E88C400FEFE36 /* Constants.swift in Sources */,
				04BA85142A6ED11C00FEFE36 /* LeagueCustomCell.swift in Sources */,
				04BA85182A6ED7C400FEFE36 /* LeaguesViewController.swift in Sources */,
			);
			runOnlyForDeploymentPostprocessing = 0;
		};
		04BA84C92A6E71C200FEFE36 /* Sources */ = {
			isa = PBXSourcesBuildPhase;
			buildActionMask = 2147483647;
			files = (
				045A25B22A6FED70003EC46F /* MockNetworkManager.swift in Sources */,
				045A25AE2A6FEC05003EC46F /* LeagueDetailsViewModelTests.swift in Sources */,
				045A25AC2A6FE63E003EC46F /* LeaguesViewModelDelegateMock.swift in Sources */,
				045A25AA2A6FE61E003EC46F /* LeaguesViewModelTests.swift in Sources */,
				045A25B02A6FEC12003EC46F /* LeagueDetailsViewModelDelegateMock.swift in Sources */,
				04CE30202A6FDF5D00FE8306 /* NetworkManagerTests.swift in Sources */,
			);
			runOnlyForDeploymentPostprocessing = 0;
		};
/* End PBXSourcesBuildPhase section */

/* Begin PBXTargetDependency section */
		04BA84CF2A6E71C200FEFE36 /* PBXTargetDependency */ = {
			isa = PBXTargetDependency;
			target = 04BA84B62A6E71C000FEFE36 /* ParisSportifsProject */;
			targetProxy = 04BA84CE2A6E71C200FEFE36 /* PBXContainerItemProxy */;
		};
/* End PBXTargetDependency section */

/* Begin PBXVariantGroup section */
		04BA84C52A6E71C200FEFE36 /* LaunchScreen.storyboard */ = {
			isa = PBXVariantGroup;
			children = (
				04BA84C62A6E71C200FEFE36 /* Base */,
			);
			name = LaunchScreen.storyboard;
			sourceTree = "<group>";
		};
/* End PBXVariantGroup section */

/* Begin XCBuildConfiguration section */
		04BA84DF2A6E71C200FEFE36 /* Debug */ = {
			isa = XCBuildConfiguration;
			buildSettings = {
				ALWAYS_SEARCH_USER_PATHS = NO;
				CLANG_ANALYZER_NONNULL = YES;
				CLANG_ANALYZER_NUMBER_OBJECT_CONVERSION = YES_AGGRESSIVE;
				CLANG_CXX_LANGUAGE_STANDARD = "gnu++20";
				CLANG_ENABLE_MODULES = YES;
				CLANG_ENABLE_OBJC_ARC = YES;
				CLANG_ENABLE_OBJC_WEAK = YES;
				CLANG_WARN_BLOCK_CAPTURE_AUTORELEASING = YES;
				CLANG_WARN_BOOL_CONVERSION = YES;
				CLANG_WARN_COMMA = YES;
				CLANG_WARN_CONSTANT_CONVERSION = YES;
				CLANG_WARN_DEPRECATED_OBJC_IMPLEMENTATIONS = YES;
				CLANG_WARN_DIRECT_OBJC_ISA_USAGE = YES_ERROR;
				CLANG_WARN_DOCUMENTATION_COMMENTS = YES;
				CLANG_WARN_EMPTY_BODY = YES;
				CLANG_WARN_ENUM_CONVERSION = YES;
				CLANG_WARN_INFINITE_RECURSION = YES;
				CLANG_WARN_INT_CONVERSION = YES;
				CLANG_WARN_NON_LITERAL_NULL_CONVERSION = YES;
				CLANG_WARN_OBJC_IMPLICIT_RETAIN_SELF = YES;
				CLANG_WARN_OBJC_LITERAL_CONVERSION = YES;
				CLANG_WARN_OBJC_ROOT_CLASS = YES_ERROR;
				CLANG_WARN_QUOTED_INCLUDE_IN_FRAMEWORK_HEADER = YES;
				CLANG_WARN_RANGE_LOOP_ANALYSIS = YES;
				CLANG_WARN_STRICT_PROTOTYPES = YES;
				CLANG_WARN_SUSPICIOUS_MOVE = YES;
				CLANG_WARN_UNGUARDED_AVAILABILITY = YES_AGGRESSIVE;
				CLANG_WARN_UNREACHABLE_CODE = YES;
				CLANG_WARN__DUPLICATE_METHOD_MATCH = YES;
				COPY_PHASE_STRIP = NO;
				DEBUG_INFORMATION_FORMAT = dwarf;
				ENABLE_STRICT_OBJC_MSGSEND = YES;
				ENABLE_TESTABILITY = YES;
				GCC_C_LANGUAGE_STANDARD = gnu11;
				GCC_DYNAMIC_NO_PIC = NO;
				GCC_NO_COMMON_BLOCKS = YES;
				GCC_OPTIMIZATION_LEVEL = 0;
				GCC_PREPROCESSOR_DEFINITIONS = (
					"DEBUG=1",
					"$(inherited)",
				);
				GCC_WARN_64_TO_32_BIT_CONVERSION = YES;
				GCC_WARN_ABOUT_RETURN_TYPE = YES_ERROR;
				GCC_WARN_UNDECLARED_SELECTOR = YES;
				GCC_WARN_UNINITIALIZED_AUTOS = YES_AGGRESSIVE;
				GCC_WARN_UNUSED_FUNCTION = YES;
				GCC_WARN_UNUSED_VARIABLE = YES;
				IPHONEOS_DEPLOYMENT_TARGET = 16.2;
				MTL_ENABLE_DEBUG_INFO = INCLUDE_SOURCE;
				MTL_FAST_MATH = YES;
				ONLY_ACTIVE_ARCH = YES;
				SDKROOT = iphoneos;
				SWIFT_ACTIVE_COMPILATION_CONDITIONS = DEBUG;
				SWIFT_OPTIMIZATION_LEVEL = "-Onone";
			};
			name = Debug;
		};
		04BA84E02A6E71C200FEFE36 /* Release */ = {
			isa = XCBuildConfiguration;
			buildSettings = {
				ALWAYS_SEARCH_USER_PATHS = NO;
				CLANG_ANALYZER_NONNULL = YES;
				CLANG_ANALYZER_NUMBER_OBJECT_CONVERSION = YES_AGGRESSIVE;
				CLANG_CXX_LANGUAGE_STANDARD = "gnu++20";
				CLANG_ENABLE_MODULES = YES;
				CLANG_ENABLE_OBJC_ARC = YES;
				CLANG_ENABLE_OBJC_WEAK = YES;
				CLANG_WARN_BLOCK_CAPTURE_AUTORELEASING = YES;
				CLANG_WARN_BOOL_CONVERSION = YES;
				CLANG_WARN_COMMA = YES;
				CLANG_WARN_CONSTANT_CONVERSION = YES;
				CLANG_WARN_DEPRECATED_OBJC_IMPLEMENTATIONS = YES;
				CLANG_WARN_DIRECT_OBJC_ISA_USAGE = YES_ERROR;
				CLANG_WARN_DOCUMENTATION_COMMENTS = YES;
				CLANG_WARN_EMPTY_BODY = YES;
				CLANG_WARN_ENUM_CONVERSION = YES;
				CLANG_WARN_INFINITE_RECURSION = YES;
				CLANG_WARN_INT_CONVERSION = YES;
				CLANG_WARN_NON_LITERAL_NULL_CONVERSION = YES;
				CLANG_WARN_OBJC_IMPLICIT_RETAIN_SELF = YES;
				CLANG_WARN_OBJC_LITERAL_CONVERSION = YES;
				CLANG_WARN_OBJC_ROOT_CLASS = YES_ERROR;
				CLANG_WARN_QUOTED_INCLUDE_IN_FRAMEWORK_HEADER = YES;
				CLANG_WARN_RANGE_LOOP_ANALYSIS = YES;
				CLANG_WARN_STRICT_PROTOTYPES = YES;
				CLANG_WARN_SUSPICIOUS_MOVE = YES;
				CLANG_WARN_UNGUARDED_AVAILABILITY = YES_AGGRESSIVE;
				CLANG_WARN_UNREACHABLE_CODE = YES;
				CLANG_WARN__DUPLICATE_METHOD_MATCH = YES;
				COPY_PHASE_STRIP = NO;
				DEBUG_INFORMATION_FORMAT = "dwarf-with-dsym";
				ENABLE_NS_ASSERTIONS = NO;
				ENABLE_STRICT_OBJC_MSGSEND = YES;
				GCC_C_LANGUAGE_STANDARD = gnu11;
				GCC_NO_COMMON_BLOCKS = YES;
				GCC_WARN_64_TO_32_BIT_CONVERSION = YES;
				GCC_WARN_ABOUT_RETURN_TYPE = YES_ERROR;
				GCC_WARN_UNDECLARED_SELECTOR = YES;
				GCC_WARN_UNINITIALIZED_AUTOS = YES_AGGRESSIVE;
				GCC_WARN_UNUSED_FUNCTION = YES;
				GCC_WARN_UNUSED_VARIABLE = YES;
				IPHONEOS_DEPLOYMENT_TARGET = 16.2;
				MTL_ENABLE_DEBUG_INFO = NO;
				MTL_FAST_MATH = YES;
				SDKROOT = iphoneos;
				SWIFT_COMPILATION_MODE = wholemodule;
				SWIFT_OPTIMIZATION_LEVEL = "-O";
				VALIDATE_PRODUCT = YES;
			};
			name = Release;
		};
		04BA84E22A6E71C200FEFE36 /* Debug */ = {
			isa = XCBuildConfiguration;
			buildSettings = {
				ASSETCATALOG_COMPILER_APPICON_NAME = AppIcon;
				ASSETCATALOG_COMPILER_GLOBAL_ACCENT_COLOR_NAME = AccentColor;
				CODE_SIGN_IDENTITY = "Apple Development";
				CODE_SIGN_STYLE = Automatic;
				CURRENT_PROJECT_VERSION = 1;
				DEVELOPMENT_TEAM = "";
				GENERATE_INFOPLIST_FILE = YES;
				INFOPLIST_FILE = ParisSportifsProject/Info.plist;
				INFOPLIST_KEY_UIApplicationSupportsIndirectInputEvents = YES;
				INFOPLIST_KEY_UILaunchStoryboardName = LaunchScreen;
				INFOPLIST_KEY_UIMainStoryboardFile = "";
				INFOPLIST_KEY_UISupportedInterfaceOrientations_iPad = "UIInterfaceOrientationPortrait UIInterfaceOrientationPortraitUpsideDown UIInterfaceOrientationLandscapeLeft UIInterfaceOrientationLandscapeRight";
				INFOPLIST_KEY_UISupportedInterfaceOrientations_iPhone = "UIInterfaceOrientationPortrait UIInterfaceOrientationLandscapeLeft UIInterfaceOrientationLandscapeRight";
				LD_RUNPATH_SEARCH_PATHS = (
					"$(inherited)",
					"@executable_path/Frameworks",
				);
				MARKETING_VERSION = 1.0;
				PRODUCT_BUNDLE_IDENTIFIER = com.parisSportifs.ParisSportifsProject;
				PRODUCT_NAME = "$(TARGET_NAME)";
				PROVISIONING_PROFILE_SPECIFIER = "";
				SWIFT_EMIT_LOC_STRINGS = YES;
				SWIFT_VERSION = 5.0;
				TARGETED_DEVICE_FAMILY = "1,2";
			};
			name = Debug;
		};
		04BA84E32A6E71C200FEFE36 /* Release */ = {
			isa = XCBuildConfiguration;
			buildSettings = {
				ASSETCATALOG_COMPILER_APPICON_NAME = AppIcon;
				ASSETCATALOG_COMPILER_GLOBAL_ACCENT_COLOR_NAME = AccentColor;
				CODE_SIGN_IDENTITY = "Apple Development";
				CODE_SIGN_STYLE = Automatic;
				CURRENT_PROJECT_VERSION = 1;
				DEVELOPMENT_TEAM = "";
				GENERATE_INFOPLIST_FILE = YES;
				INFOPLIST_FILE = ParisSportifsProject/Info.plist;
				INFOPLIST_KEY_UIApplicationSupportsIndirectInputEvents = YES;
				INFOPLIST_KEY_UILaunchStoryboardName = LaunchScreen;
				INFOPLIST_KEY_UIMainStoryboardFile = "";
				INFOPLIST_KEY_UISupportedInterfaceOrientations_iPad = "UIInterfaceOrientationPortrait UIInterfaceOrientationPortraitUpsideDown UIInterfaceOrientationLandscapeLeft UIInterfaceOrientationLandscapeRight";
				INFOPLIST_KEY_UISupportedInterfaceOrientations_iPhone = "UIInterfaceOrientationPortrait UIInterfaceOrientationLandscapeLeft UIInterfaceOrientationLandscapeRight";
				LD_RUNPATH_SEARCH_PATHS = (
					"$(inherited)",
					"@executable_path/Frameworks",
				);
				MARKETING_VERSION = 1.0;
				PRODUCT_BUNDLE_IDENTIFIER = com.parisSportifs.ParisSportifsProject;
				PRODUCT_NAME = "$(TARGET_NAME)";
				PROVISIONING_PROFILE_SPECIFIER = "";
				SWIFT_EMIT_LOC_STRINGS = YES;
				SWIFT_VERSION = 5.0;
				TARGETED_DEVICE_FAMILY = "1,2";
			};
			name = Release;
		};
		04BA84E52A6E71C200FEFE36 /* Debug */ = {
			isa = XCBuildConfiguration;
			buildSettings = {
				ALWAYS_EMBED_SWIFT_STANDARD_LIBRARIES = YES;
				BUNDLE_LOADER = "$(TEST_HOST)";
				CODE_SIGN_STYLE = Automatic;
				CURRENT_PROJECT_VERSION = 1;
				GENERATE_INFOPLIST_FILE = YES;
				IPHONEOS_DEPLOYMENT_TARGET = 16.2;
				MARKETING_VERSION = 1.0;
				PRODUCT_BUNDLE_IDENTIFIER = com.parisSportifs.ParisSportifsProjectTests;
				PRODUCT_NAME = "$(TARGET_NAME)";
				SWIFT_EMIT_LOC_STRINGS = NO;
				SWIFT_VERSION = 5.0;
				TARGETED_DEVICE_FAMILY = "1,2";
				TEST_HOST = "$(BUILT_PRODUCTS_DIR)/ParisSportifsProject.app/$(BUNDLE_EXECUTABLE_FOLDER_PATH)/ParisSportifsProject";
			};
			name = Debug;
		};
		04BA84E62A6E71C200FEFE36 /* Release */ = {
			isa = XCBuildConfiguration;
			buildSettings = {
				ALWAYS_EMBED_SWIFT_STANDARD_LIBRARIES = YES;
				BUNDLE_LOADER = "$(TEST_HOST)";
				CODE_SIGN_STYLE = Automatic;
				CURRENT_PROJECT_VERSION = 1;
				GENERATE_INFOPLIST_FILE = YES;
				IPHONEOS_DEPLOYMENT_TARGET = 16.2;
				MARKETING_VERSION = 1.0;
				PRODUCT_BUNDLE_IDENTIFIER = com.parisSportifs.ParisSportifsProjectTests;
				PRODUCT_NAME = "$(TARGET_NAME)";
				SWIFT_EMIT_LOC_STRINGS = NO;
				SWIFT_VERSION = 5.0;
				TARGETED_DEVICE_FAMILY = "1,2";
				TEST_HOST = "$(BUILT_PRODUCTS_DIR)/ParisSportifsProject.app/$(BUNDLE_EXECUTABLE_FOLDER_PATH)/ParisSportifsProject";
			};
			name = Release;
		};
/* End XCBuildConfiguration section */

/* Begin XCConfigurationList section */
		04BA84B22A6E71C000FEFE36 /* Build configuration list for PBXProject "ParisSportifsProject" */ = {
			isa = XCConfigurationList;
			buildConfigurations = (
				04BA84DF2A6E71C200FEFE36 /* Debug */,
				04BA84E02A6E71C200FEFE36 /* Release */,
			);
			defaultConfigurationIsVisible = 0;
			defaultConfigurationName = Release;
		};
		04BA84E12A6E71C200FEFE36 /* Build configuration list for PBXNativeTarget "ParisSportifsProject" */ = {
			isa = XCConfigurationList;
			buildConfigurations = (
				04BA84E22A6E71C200FEFE36 /* Debug */,
				04BA84E32A6E71C200FEFE36 /* Release */,
			);
			defaultConfigurationIsVisible = 0;
			defaultConfigurationName = Release;
		};
		04BA84E42A6E71C200FEFE36 /* Build configuration list for PBXNativeTarget "ParisSportifsProjectTests" */ = {
			isa = XCConfigurationList;
			buildConfigurations = (
				04BA84E52A6E71C200FEFE36 /* Debug */,
				04BA84E62A6E71C200FEFE36 /* Release */,
			);
			defaultConfigurationIsVisible = 0;
			defaultConfigurationName = Release;
		};
/* End XCConfigurationList section */

/* Begin XCRemoteSwiftPackageReference section */
		04BA84EF2A6E945A00FEFE36 /* XCRemoteSwiftPackageReference "Alamofire" */ = {
			isa = XCRemoteSwiftPackageReference;
			repositoryURL = "https://github.com/Alamofire/Alamofire";
			requirement = {
				kind = upToNextMajorVersion;
				minimumVersion = 5.0.0;
			};
		};
		04BA84F22A6E946900FEFE36 /* XCRemoteSwiftPackageReference "Kingfisher" */ = {
			isa = XCRemoteSwiftPackageReference;
			repositoryURL = "https://github.com/onevcat/Kingfisher";
			requirement = {
				branch = master;
				kind = branch;
			};
		};
/* End XCRemoteSwiftPackageReference section */

/* Begin XCSwiftPackageProductDependency section */
		04BA84F02A6E945A00FEFE36 /* Alamofire */ = {
			isa = XCSwiftPackageProductDependency;
			package = 04BA84EF2A6E945A00FEFE36 /* XCRemoteSwiftPackageReference "Alamofire" */;
			productName = Alamofire;
		};
		04BA84F32A6E946900FEFE36 /* Kingfisher */ = {
			isa = XCSwiftPackageProductDependency;
			package = 04BA84F22A6E946900FEFE36 /* XCRemoteSwiftPackageReference "Kingfisher" */;
			productName = Kingfisher;
		};
/* End XCSwiftPackageProductDependency section */
	};
	rootObject = 04BA84AF2A6E71C000FEFE36 /* Project object */;
}
